
Microsoft Visual Studio Solution File, Format Version 12.00
# Visual Studio Version 17
VisualStudioVersion = 17.9.34622.214
MinimumVisualStudioVersion = 10.0.40219.1
Project("{8BC9CEB8-8B4A-11D0-8D11-00A0C91BC942}") = "Sandbox", "Sandbox\Sandbox.vcxproj", "{AA4DA516-B173-4701-8198-DDD80C057214}"
EndProject
Project("{8BC9CEB8-8B4A-11D0-8D11-00A0C91BC942}") = "Nebula", "Nebula\Nebula.vcxproj", "{FF6E4C59-478C-42CA-A7C9-64CB89454412}"
EndProject
Global
	GlobalSection(SolutionConfigurationPlatforms) = preSolution
		Debug|x64 = Debug|x64
		Release|x64 = Release|x64
	EndGlobalSection
	GlobalSection(ProjectConfigurationPlatforms) = postSolution
		{FF6E4C59-478C-42CA-A7C9-64CB89454412}.Debug|x64.ActiveCfg = Debug|x64
		{FF6E4C59-478C-42CA-A7C9-64CB89454412}.Debug|x64.Build.0 = Debug|x64
		{FF6E4C59-478C-42CA-A7C9-64CB89454412}.Release|x64.ActiveCfg = Release|x64
		{FF6E4C59-478C-42CA-A7C9-64CB89454412}.Release|x64.Build.0 = Release|x64
		{AA4DA516-B173-4701-8198-DDD80C057214}.Debug|x64.ActiveCfg = Debug|x64
		{AA4DA516-B173-4701-8198-DDD80C057214}.Debug|x64.Build.0 = Debug|x64
		{AA4DA516-B173-4701-8198-DDD80C057214}.Release|x64.ActiveCfg = Release|x64
		{AA4DA516-B173-4701-8198-DDD80C057214}.Release|x64.Build.0 = Release|x64
	EndGlobalSection
	GlobalSection(SolutionProperties) = preSolution
		HideSolutionNode = FALSE
	EndGlobalSection
	GlobalSection(ExtensibilityGlobals) = postSolution
		SolutionGuid = {BFF8A9A4-D760-4306-9A59-703D3A7033F8}
	EndGlobalSection
EndGlobal
